[[tools.actionlint]]
version = "1.7.11"
backend = "aqua:rhysd/actionlint"
"platforms.linux-arm64" = { checksum = "sha256:21bc0dfb57a913fe175298c2a9e906ee630f747cb66d0a934d0d4b69f4ee1235", url = "https://github.com/rhysd/actionlint/releases/download/v1.7.11/actionlint_1.7.11_linux_arm64.tar.gz"}
"platforms.linux-x64" = { checksum = "sha256:900919a84f2229bac68ca9cd4103ea297abc35e9689ebb842c6e34a3d1b01b0a", url = "https://github.com/rhysd/actionlint/releases/download/v1.7.11/actionlint_1.7.11_linux_amd64.tar.gz"}
"platforms.macos-arm64" = { checksum = "sha256:a21ba7366d8329e7223faee0ed69eb13da27fe8acabb356bb7eb0b7f1e1cb6d8", url = "https://github.com/rhysd/actionlint/releases/download/v1.7.11/actionlint_1.7.11_darwin_arm64.tar.gz"}
"platforms.macos-x64" = { checksum = "sha256:17ffc17fed8f0258ef6ad4aed932d3272464c7ef7d64e1cb0d65aa97c9752107", url = "https://github.com/rhysd/actionlint/releases/download/v1.7.11/actionlint_1.7.11_darwin_amd64.tar.gz"}
"platforms.windows-x64" = { checksum = "sha256:5414b7124a91f4b5abee62e5c9d84802237734f8d15b9b7032732a32c3ebffa3", url = "https://github.com/rhysd/actionlint/releases/download/v1.7.11/actionlint_1.7.11_windows_amd64.zip"}

[[tools.hk]]
version = "1.37.0"
backend = "aqua:jdx/hk"
"platforms.linux-arm64" = { checksum = "sha256:4996fdbd499a86d3341c66d1f4ae41b77d0e79f24c0fbfc882f65935855d4b1d", url = "https://github.com/jdx/hk/releases/download/v1.37.0/hk-aarch64-unknown-linux-gnu.tar.gz"}
"platforms.linux-x64" = { checksum = "sha256:616ecec3e54e35958d4c07f0d6ecff6946bc930db347601b75e26fb2c08553e4", url = "https://github.com/jdx/hk/releases/download/v1.37.0/hk-x86_64-unknown-linux-gnu.tar.gz"}
"platforms.macos-arm64" = { checksum = "sha256:11a924978b7526b5e363c97293c62f5b1cdbf29abb26d3d40f5317f46ad65835", url = "https://github.com/jdx/hk/releases/download/v1.37.0/hk-aarch64-apple-darwin.tar.gz"}
"platforms.windows-x64" = { checksum = "sha256:102a744a25530f3896f5699b5038d996341b3b4c86feb7f595eea1eb769a29b5", url = "https://github.com/jdx/hk/releases/download/v1.37.0/hk-x86_64-pc-windows-msvc.zip"}

[[tools.pkl]]
version = "0.31.0"
backend = "aqua:apple/pkl"
"platforms.linux-arm64" = { checksum = "sha256:471460cdd11e1cb9ac0a5401fdb05277ae3adb3a4573cc0a9c63ee087c1f93c8", url = "https://github.com/apple/pkl/releases/download/0.31.0/pkl-linux-aarch64"}
"platforms.linux-x64" = { checksum = "sha256:5a5c2a889b68ca92ff4258f9d277f92412b98dfef5057daef7564202a20870b6", url = "https://github.com/apple/pkl/releases/download/0.31.0/pkl-linux-amd64"}
"platforms.macos-arm64" = { checksum = "sha256:349402ae32c35382c034b0c0af744ffb0d53a213888c44deec94a7810e144889", url = "https://github.com/apple/pkl/releases/download/0.31.0/pkl-macos-aarch64"}
"platforms.macos-x64" = { checksum = "sha256:9f1cc8e3ac2327bc483b90d0c220da20eb785c3ba3fe92e021f47d3d56768282", url = "https://github.com/apple/pkl/releases/download/0.31.0/pkl-macos-amd64"}
"platforms.windows-x64" = { checksum = "sha256:37d35ce8a165766502fb13799071d4cefa84d39fb455c75c471b47b9b5d12b04", url = "https://github.com/apple/pkl/releases/download/0.31.0/pkl-windows-amd64.exe"}

[[tools.python]]
version = "3.14.3"
backend = "core:python"
"platforms.linux-arm64" = { checksum = "sha256:e9b0aef9baafb6b9e7a4d47b82d6d9778eeafb2c95d23fb5247d3a5f8e52c5a5", url = "https://github.com/astral-sh/python-build-standalone/releases/download/20260211/cpython-3.14.3+20260211-aarch64-unknown-linux-gnu-install_only_stripped.tar.gz"}
"platforms.linux-x64" = { checksum = "sha256:759457004082459a402f369225b82565d88ca8257d9fd11c642a1c76ab0cb1cc", url = "https://github.com/astral-sh/python-build-standalone/releases/download/20260211/cpython-3.14.3+20260211-x86_64-unknown-linux-gnu-install_only_stripped.tar.gz"}
"platforms.macos-arm64" = { checksum = "sha256:348647e4c13b662f7b0d218ccf472688038679815fb1a429ca664b7dce324237", url = "https://github.com/astral-sh/python-build-standalone/releases/download/20260211/cpython-3.14.3+20260211-aarch64-apple-darwin-install_only_stripped.tar.gz"}
"platforms.macos-x64" = { checksum = "sha256:107c71b272b5eeecd7b7b607c4fac0796b0f221bc3391e6155a349789cc7eb17", url = "https://github.com/astral-sh/python-build-standalone/releases/download/20260211/cpython-3.14.3+20260211-x86_64-apple-darwin-install_only_stripped.tar.gz"}
"platforms.windows-x64" = { checksum = "sha256:dc5feea0e16807e7c7b2d20af3f2c18c7153f9cbd4b54063172553fda60c5a1f", url = "https://github.com/astral-sh/python-build-standalone/releases/download/20260211/cpython-3.14.3+20260211-x86_64-pc-windows-msvc-install_only_stripped.tar.gz"}

[[tools.ruff]]
version = "0.15.5"
backend = "aqua:astral-sh/ruff"
"platforms.linux-arm64" = { checksum = "sha256:ae22fb3b6ad85cff59abf147d572d266397f42b73e51e6d55dba56fb3430fe1d", url = "https://github.com/astral-sh/ruff/releases/download/0.15.5/ruff-aarch64-unknown-linux-musl.tar.gz"}
"platforms.linux-x64" = { checksum = "sha256:da9b5c8ba7a789fe3bcf6287ea58ccbac9328a711b7674681706106e7580a836", url = "https://github.com/astral-sh/ruff/releases/download/0.15.5/ruff-x86_64-unknown-linux-musl.tar.gz"}
"platforms.macos-arm64" = { checksum = "sha256:f39400f9504c940fa4eb46b02e2d4889a9f86b81ce4c57bda02ea3568894d094", url = "https://github.com/astral-sh/ruff/releases/download/0.15.5/ruff-aarch64-apple-darwin.tar.gz"}
"platforms.macos-x64" = { checksum = "sha256:1e01b0d6354f14dac0f4de7a89488d18e00f8aa37ce3635b55bcaf1357b2a375", url = "https://github.com/astral-sh/ruff/releases/download/0.15.5/ruff-x86_64-apple-darwin.tar.gz"}
"platforms.windows-x64" = { checksum = "sha256:9b71926a755bdefa151b7579cd5e19840e9df0ab2828c762241f1b773882d939", url = "https://github.com/astral-sh/ruff/releases/download/0.15.5/ruff-x86_64-pc-windows-msvc.zip"}

[[tools.shellcheck]]
version = "0.11.0"
backend = "aqua:koalaman/shellcheck"
"platforms.linux-arm64" = { checksum = "sha256:12b331c1d2db6b9eb13cfca64306b1b157a86eb69db83023e261eaa7e7c14588", url = "https://github.com/koalaman/shellcheck/releases/download/v0.11.0/shellcheck-v0.11.0.linux.aarch64.tar.xz"}
"platforms.linux-x64" = { checksum = "sha256:8c3be12b05d5c177a04c29e3c78ce89ac86f1595681cab149b65b97c4e227198", url = "https://github.com/koalaman/shellcheck/releases/download/v0.11.0/shellcheck-v0.11.0.linux.x86_64.tar.xz"}
"platforms.macos-arm64" = { checksum = "sha256:56affdd8de5527894dca6dc3d7e0a99a873b0f004d7aabc30ae407d3f48b0a79", url = "https://github.com/koalaman/shellcheck/releases/download/v0.11.0/shellcheck-v0.11.0.darwin.aarch64.tar.xz"}
"platforms.macos-x64" = { checksum = "sha256:3c89db4edcab7cf1c27bff178882e0f6f27f7afdf54e859fa041fca10febe4c6", url = "https://github.com/koalaman/shellcheck/releases/download/v0.11.0/shellcheck-v0.11.0.darwin.x86_64.tar.xz"}
"platforms.windows-x64" = { checksum = "sha256:8a4e35ab0b331c85d73567b12f2a444df187f483e5079ceffa6bda1faa2e740e", url = "https://github.com/koalaman/shellcheck/releases/download/v0.11.0/shellcheck-v0.11.0.zip"}

[[tools.shfmt]]
version = "3.12.0"
backend = "aqua:mvdan/sh"
"platforms.linux-arm64" = { checksum = "sha256:5f3fe3fa6a9f766e6a182ba79a94bef8afedafc57db0b1ad32b0f67fae971ba4", url = "https://github.com/mvdan/sh/releases/download/v3.12.0/shfmt_v3.12.0_linux_arm64"}
"platforms.linux-x64" = { checksum = "sha256:d9fbb2a9c33d13f47e7618cf362a914d029d02a6df124064fff04fd688a745ea", url = "https://github.com/mvdan/sh/releases/download/v3.12.0/shfmt_v3.12.0_linux_amd64"}
"platforms.macos-arm64" = { checksum = "sha256:d903802e0ce3ecbc82b98512f55ba370b0d37a93f3f78de394f5b657052b33dd", url = "https://github.com/mvdan/sh/releases/download/v3.12.0/shfmt_v3.12.0_darwin_arm64"}
"platforms.macos-x64" = { checksum = "sha256:c31548693de6584e6164b7ed5fbb7b4a083f2d937ca94b4e0ddf59aa461a85e4", url = "https://github.com/mvdan/sh/releases/download/v3.12.0/shfmt_v3.12.0_darwin_amd64"}
"platforms.windows-x64" = { checksum = "sha256:c8bda517ba1c640ce4a715c0fa665439ddbe4357ba5e9b77b0e51e70e2b9c94b", url = "https://github.com/mvdan/sh/releases/download/v3.12.0/shfmt_v3.12.0_windows_amd64.exe"}

[[tools.tombi]]
version = "0.9.1"
backend = "aqua:tombi-toml/tombi"
"platforms.linux-arm64" = { checksum = "sha256:4dd1521e9ea015147734b79059ef6f560b10755bdc49759cb35870ec44323c16", url = "https://github.com/tombi-toml/tombi/releases/download/v0.9.1/tombi-cli-0.9.1-aarch64-unknown-linux-musl.gz"}
"platforms.linux-x64" = { checksum = "sha256:1c111e052dfef979c3719f271e764fb78344845e41668b7680fb53172eb42a28", url = "https://github.com/tombi-toml/tombi/releases/download/v0.9.1/tombi-cli-0.9.1-x86_64-unknown-linux-musl.gz"}
"platforms.macos-arm64" = { checksum = "sha256:4551afe08e5b2858b8d45c5791b219ad7212661d3032f66dcb2abca76fcd8f78", url = "https://github.com/tombi-toml/tombi/releases/download/v0.9.1/tombi-cli-0.9.1-aarch64-apple-darwin.gz"}
"platforms.macos-x64" = { checksum = "sha256:30a0533f03208af1422ec54e50a8ff5d6423fa06a5721ca34b7f2102adcf21ec", url = "https://github.com/tombi-toml/tombi/releases/download/v0.9.1/tombi-cli-0.9.1-x86_64-apple-darwin.gz"}
"platforms.windows-x64" = { checksum = "sha256:acf01ba3ce9d3785a597a2afea4b446e47b0df38d8d684db0b3ca7fa50fa57c8", url = "https://github.com/tombi-toml/tombi/releases/download/v0.9.1/tombi-cli-0.9.1-x86_64-pc-windows-msvc.zip"}

[[tools.uv]]
version = "0.10.8"
backend = "aqua:astral-sh/uv"
"platforms.linux-arm64" = { checksum = "sha256:2ef0d0489e9e2a32f134ca80097fa36be4b486c4ab004706a1d6d0d57980ff07", url = "https://github.com/astral-sh/uv/releases/download/0.10.8/uv-aarch64-unknown-linux-musl.tar.gz"}
"platforms.linux-x64" = { checksum = "sha256:a4e6ad1aecac61077de548d2cc9ccf2c2f1848863312b3b59fb0d2eb8d8a043c", url = "https://github.com/astral-sh/uv/releases/download/0.10.8/uv-x86_64-unknown-linux-musl.tar.gz"}
"platforms.macos-arm64" = { checksum = "sha256:c3a6fff5b6b4abddff863117878194e35dbc6b0267d61ad259ab9896f9b8dcbb", url = "https://github.com/astral-sh/uv/releases/download/0.10.8/uv-aarch64-apple-darwin.tar.gz"}
"platforms.macos-x64" = { checksum = "sha256:e0a1b22b039f8155765f5bc8c13df03a5f994a901901179791572e8e5f053281", url = "https://github.com/astral-sh/uv/releases/download/0.10.8/uv-x86_64-apple-darwin.tar.gz"}
"platforms.windows-x64" = { checksum = "sha256:2e70ecd22196cbd9d14eefb700814bcafc5b75a0d8275b52e8402e5fe256d928", url = "https://github.com/astral-sh/uv/releases/download/0.10.8/uv-x86_64-pc-windows-msvc.zip"}

[[tools.yamlfmt]]
version = "0.21.0"
backend = "aqua:google/yamlfmt"
"platforms.linux-arm64" = { checksum = "sha256:5b2689c963b177271330c5ce8ca7396751107e5a826be46f03d2cb9b6f0c7784", url = "https://github.com/google/yamlfmt/releases/download/v0.21.0/yamlfmt_0.21.0_Linux_arm64.tar.gz"}
"platforms.linux-x64" = { checksum = "sha256:1f300d9257b232bb3b541d7fb1b0e6b3c121bcbab381c86cd38cb8722be8a566", url = "https://github.com/google/yamlfmt/releases/download/v0.21.0/yamlfmt_0.21.0_Linux_x86_64.tar.gz"}
"platforms.macos-arm64" = { checksum = "sha256:4b417ecb94339d57e4c122ecc948c1a00fe328b5853266de9806e652a92858fa", url = "https://github.com/google/yamlfmt/releases/download/v0.21.0/yamlfmt_0.21.0_Darwin_arm64.tar.gz"}
"platforms.macos-x64" = { checksum = "sha256:060e943bcb8583c456810eb1ff4721b4f46c4a0c1a4432449d5dc3bbfe29a22b", url = "https://github.com/google/yamlfmt/releases/download/v0.21.0/yamlfmt_0.21.0_Darwin_x86_64.tar.gz"}
"platforms.windows-x64" = { checksum = "sha256:07f80ce5d741eb4b0a9380ac78a19c7cb5bd44e2a9a47a5a04839e3ba54dd463", url = "https://github.com/google/yamlfmt/releases/download/v0.21.0/yamlfmt_0.21.0_Windows_x86_64.tar.gz"}
