# @generated - this file is auto-generated by `mise lock` https://mise.jdx.dev/dev-tools/mise-lock.html

[[tools.actionlint]]
version = "1.7.12"
backend = "aqua:rhysd/actionlint"

[tools.actionlint."platforms.linux-arm64"]
checksum = "sha256:325e971b6ba9bfa504672e29be93c24981eeb1c07576d730e9f7c8805afff0c6"
url = "https://github.com/rhysd/actionlint/releases/download/v1.7.12/actionlint_1.7.12_linux_arm64.tar.gz"

[tools.actionlint."platforms.linux-arm64-musl"]
checksum = "sha256:325e971b6ba9bfa504672e29be93c24981eeb1c07576d730e9f7c8805afff0c6"
url = "https://github.com/rhysd/actionlint/releases/download/v1.7.12/actionlint_1.7.12_linux_arm64.tar.gz"

[tools.actionlint."platforms.linux-x64"]
checksum = "sha256:8aca8db96f1b94770f1b0d72b6dddcb1ebb8123cb3712530b08cc387b349a3d8"
url = "https://github.com/rhysd/actionlint/releases/download/v1.7.12/actionlint_1.7.12_linux_amd64.tar.gz"

[tools.actionlint."platforms.linux-x64-musl"]
checksum = "sha256:8aca8db96f1b94770f1b0d72b6dddcb1ebb8123cb3712530b08cc387b349a3d8"
url = "https://github.com/rhysd/actionlint/releases/download/v1.7.12/actionlint_1.7.12_linux_amd64.tar.gz"

[tools.actionlint."platforms.macos-arm64"]
checksum = "sha256:aba9ced2dee8d27fecca3dc7feb1a7f9a52caefa1eb46f3271ea66b6e0e6953f"
url = "https://github.com/rhysd/actionlint/releases/download/v1.7.12/actionlint_1.7.12_darwin_arm64.tar.gz"
provenance = "github-attestations"

[tools.actionlint."platforms.macos-x64"]
checksum = "sha256:5b44c3bc2255115c9b69e30efc0fecdf498fdb63c5d58e17084fd5f16324c644"
url = "https://github.com/rhysd/actionlint/releases/download/v1.7.12/actionlint_1.7.12_darwin_amd64.tar.gz"

[tools.actionlint."platforms.windows-x64"]
checksum = "sha256:6e7241b51e6817ea6a047693d8e6fed13b31819c9a0dd6c5a726e1592d22f6e9"
url = "https://github.com/rhysd/actionlint/releases/download/v1.7.12/actionlint_1.7.12_windows_amd64.zip"

[[tools.hk]]
version = "1.40.0"
backend = "aqua:jdx/hk"

[tools.hk."platforms.linux-arm64"]
checksum = "sha256:f6f4a0f9a55a51d8b98ae9fc0e3dff704ec9b4b842d4978dd433e6158c7d5d9f"
url = "https://github.com/jdx/hk/releases/download/v1.40.0/hk-aarch64-unknown-linux-gnu.tar.gz"

[tools.hk."platforms.linux-arm64-musl"]
checksum = "sha256:f6f4a0f9a55a51d8b98ae9fc0e3dff704ec9b4b842d4978dd433e6158c7d5d9f"
url = "https://github.com/jdx/hk/releases/download/v1.40.0/hk-aarch64-unknown-linux-gnu.tar.gz"

[tools.hk."platforms.linux-x64"]
checksum = "sha256:5feb9eab6b8539aba09ed73eb49d4e01b3a56471172c14212d0b649ed2c16142"
url = "https://github.com/jdx/hk/releases/download/v1.40.0/hk-x86_64-unknown-linux-gnu.tar.gz"

[tools.hk."platforms.linux-x64-musl"]
checksum = "sha256:5feb9eab6b8539aba09ed73eb49d4e01b3a56471172c14212d0b649ed2c16142"
url = "https://github.com/jdx/hk/releases/download/v1.40.0/hk-x86_64-unknown-linux-gnu.tar.gz"

[tools.hk."platforms.macos-arm64"]
checksum = "sha256:7a6d77e41868a01edc8511e13235d6b8a9017975dba1f5383b12b7c33ca4278e"
url = "https://github.com/jdx/hk/releases/download/v1.40.0/hk-aarch64-apple-darwin.tar.gz"

[tools.hk."platforms.windows-x64"]
checksum = "sha256:2d177c1ac965a7c7843c2849c0eb5fe5c3bb2a560a3c1b67afdb8a62b416d27a"
url = "https://github.com/jdx/hk/releases/download/v1.40.0/hk-x86_64-pc-windows-msvc.zip"

[[tools.pkl]]
version = "0.31.1"
backend = "aqua:apple/pkl"

[tools.pkl."platforms.linux-arm64"]
checksum = "sha256:7ef10e743daa921fb94ae7bdb9ec6986f362bf250c55814b9ea2aeb13f2d083e"
url = "https://github.com/apple/pkl/releases/download/0.31.1/pkl-linux-aarch64"

[tools.pkl."platforms.linux-arm64-musl"]
checksum = "sha256:7ef10e743daa921fb94ae7bdb9ec6986f362bf250c55814b9ea2aeb13f2d083e"
url = "https://github.com/apple/pkl/releases/download/0.31.1/pkl-linux-aarch64"

[tools.pkl."platforms.linux-x64"]
checksum = "sha256:618f13955d755cafbfe8c9cba1d27635848cd49dbc6abffd398d2751db1231bf"
url = "https://github.com/apple/pkl/releases/download/0.31.1/pkl-linux-amd64"

[tools.pkl."platforms.linux-x64-musl"]
checksum = "sha256:618f13955d755cafbfe8c9cba1d27635848cd49dbc6abffd398d2751db1231bf"
url = "https://github.com/apple/pkl/releases/download/0.31.1/pkl-linux-amd64"

[tools.pkl."platforms.macos-arm64"]
checksum = "sha256:1b6a5438d9624cd2798a7530721bbbfa27ef72efe5c878a1b6c546c6e7ca0e8f"
url = "https://github.com/apple/pkl/releases/download/0.31.1/pkl-macos-aarch64"

[tools.pkl."platforms.macos-x64"]
checksum = "sha256:22123ed4ae4c03afa8c54c69f77f0bec39b0fa0f67b09d6d148e0a376a2a471d"
url = "https://github.com/apple/pkl/releases/download/0.31.1/pkl-macos-amd64"

[tools.pkl."platforms.windows-x64"]
checksum = "sha256:a8834481667325b44c539dbb758d7365a16389070f343c04b639bbe525ede013"
url = "https://github.com/apple/pkl/releases/download/0.31.1/pkl-windows-amd64.exe"

[[tools.python]]
version = "3.14.3"
backend = "core:python"

[tools.python."platforms.linux-arm64"]
checksum = "sha256:53700338695e402a1a1fe22be4a41fbdacc70e22bb308a48eca8ed67cb7992be"
url = "https://github.com/astral-sh/python-build-standalone/releases/download/20260324/cpython-3.14.3+20260324-aarch64-unknown-linux-gnu-install_only_stripped.tar.gz"
provenance = "github-attestations"

[tools.python."platforms.linux-arm64-musl"]
checksum = "sha256:53700338695e402a1a1fe22be4a41fbdacc70e22bb308a48eca8ed67cb7992be"
url = "https://github.com/astral-sh/python-build-standalone/releases/download/20260324/cpython-3.14.3+20260324-aarch64-unknown-linux-gnu-install_only_stripped.tar.gz"
provenance = "github-attestations"

[tools.python."platforms.linux-x64"]
checksum = "sha256:d7a9f970914bb4c88756fe3bdcc186d4feb90e9500e54f1db47dae4dc9687e39"
url = "https://github.com/astral-sh/python-build-standalone/releases/download/20260324/cpython-3.14.3+20260324-x86_64-unknown-linux-gnu-install_only_stripped.tar.gz"
provenance = "github-attestations"

[tools.python."platforms.linux-x64-musl"]
checksum = "sha256:d7a9f970914bb4c88756fe3bdcc186d4feb90e9500e54f1db47dae4dc9687e39"
url = "https://github.com/astral-sh/python-build-standalone/releases/download/20260324/cpython-3.14.3+20260324-x86_64-unknown-linux-gnu-install_only_stripped.tar.gz"
provenance = "github-attestations"

[tools.python."platforms.macos-arm64"]
checksum = "sha256:c43aecde4a663aebff99b9b83da0efec506479f1c3f98331442f33d2c43501f9"
url = "https://github.com/astral-sh/python-build-standalone/releases/download/20260324/cpython-3.14.3+20260324-aarch64-apple-darwin-install_only_stripped.tar.gz"
provenance = "github-attestations"

[tools.python."platforms.macos-x64"]
checksum = "sha256:9ab41dbc2f100a2a45d1833b9c11165f51051c558b5213eda9a9731d5948a0c0"
url = "https://github.com/astral-sh/python-build-standalone/releases/download/20260324/cpython-3.14.3+20260324-x86_64-apple-darwin-install_only_stripped.tar.gz"
provenance = "github-attestations"

[tools.python."platforms.windows-x64"]
checksum = "sha256:bbe19034b35b0267176a7442575ae7dc6343480fd4d35598cb7700173d431e09"
url = "https://github.com/astral-sh/python-build-standalone/releases/download/20260324/cpython-3.14.3+20260324-x86_64-pc-windows-msvc-install_only_stripped.tar.gz"
provenance = "github-attestations"

[[tools.ruff]]
version = "0.15.9"
backend = "aqua:astral-sh/ruff"

[tools.ruff."platforms.linux-arm64"]
checksum = "sha256:e017dd0c1fd7475aaddc49bde8cddcee3c27d42f6ce139a96df0c1022e06d85b"
url = "https://github.com/astral-sh/ruff/releases/download/0.15.9/ruff-aarch64-unknown-linux-musl.tar.gz"

[tools.ruff."platforms.linux-arm64-musl"]
checksum = "sha256:e017dd0c1fd7475aaddc49bde8cddcee3c27d42f6ce139a96df0c1022e06d85b"
url = "https://github.com/astral-sh/ruff/releases/download/0.15.9/ruff-aarch64-unknown-linux-musl.tar.gz"

[tools.ruff."platforms.linux-x64"]
checksum = "sha256:e30e6e50dbf925b42335f28e2fa296d404294f294159b314dca47b88317fc477"
url = "https://github.com/astral-sh/ruff/releases/download/0.15.9/ruff-x86_64-unknown-linux-musl.tar.gz"

[tools.ruff."platforms.linux-x64-musl"]
checksum = "sha256:e30e6e50dbf925b42335f28e2fa296d404294f294159b314dca47b88317fc477"
url = "https://github.com/astral-sh/ruff/releases/download/0.15.9/ruff-x86_64-unknown-linux-musl.tar.gz"

[tools.ruff."platforms.macos-arm64"]
checksum = "sha256:013d878f17c625550e4a6b19235c22fc229639f66f563bb72cb2c896aeca11e8"
url = "https://github.com/astral-sh/ruff/releases/download/0.15.9/ruff-aarch64-apple-darwin.tar.gz"
provenance = "github-attestations"

[tools.ruff."platforms.macos-x64"]
checksum = "sha256:7e0fe9daba25848f85cb3d43e47ecd7d23f14e92e8799f92c1bcd8319a4ce4f8"
url = "https://github.com/astral-sh/ruff/releases/download/0.15.9/ruff-x86_64-apple-darwin.tar.gz"

[tools.ruff."platforms.windows-x64"]
checksum = "sha256:e38fddd19805bc8f7329003c2abdaf49d8ca9e5bc0c6702e8472e16f127bcd44"
url = "https://github.com/astral-sh/ruff/releases/download/0.15.9/ruff-x86_64-pc-windows-msvc.zip"

[[tools.shellcheck]]
version = "0.11.0"
backend = "aqua:koalaman/shellcheck"

[tools.shellcheck."platforms.linux-arm64"]
checksum = "sha256:12b331c1d2db6b9eb13cfca64306b1b157a86eb69db83023e261eaa7e7c14588"
url = "https://github.com/koalaman/shellcheck/releases/download/v0.11.0/shellcheck-v0.11.0.linux.aarch64.tar.xz"

[tools.shellcheck."platforms.linux-arm64-musl"]
checksum = "sha256:12b331c1d2db6b9eb13cfca64306b1b157a86eb69db83023e261eaa7e7c14588"
url = "https://github.com/koalaman/shellcheck/releases/download/v0.11.0/shellcheck-v0.11.0.linux.aarch64.tar.xz"

[tools.shellcheck."platforms.linux-x64"]
checksum = "sha256:8c3be12b05d5c177a04c29e3c78ce89ac86f1595681cab149b65b97c4e227198"
url = "https://github.com/koalaman/shellcheck/releases/download/v0.11.0/shellcheck-v0.11.0.linux.x86_64.tar.xz"

[tools.shellcheck."platforms.linux-x64-musl"]
checksum = "sha256:8c3be12b05d5c177a04c29e3c78ce89ac86f1595681cab149b65b97c4e227198"
url = "https://github.com/koalaman/shellcheck/releases/download/v0.11.0/shellcheck-v0.11.0.linux.x86_64.tar.xz"

[tools.shellcheck."platforms.macos-arm64"]
checksum = "sha256:56affdd8de5527894dca6dc3d7e0a99a873b0f004d7aabc30ae407d3f48b0a79"
url = "https://github.com/koalaman/shellcheck/releases/download/v0.11.0/shellcheck-v0.11.0.darwin.aarch64.tar.xz"

[tools.shellcheck."platforms.macos-x64"]
checksum = "sha256:3c89db4edcab7cf1c27bff178882e0f6f27f7afdf54e859fa041fca10febe4c6"
url = "https://github.com/koalaman/shellcheck/releases/download/v0.11.0/shellcheck-v0.11.0.darwin.x86_64.tar.xz"

[tools.shellcheck."platforms.windows-x64"]
checksum = "sha256:8a4e35ab0b331c85d73567b12f2a444df187f483e5079ceffa6bda1faa2e740e"
url = "https://github.com/koalaman/shellcheck/releases/download/v0.11.0/shellcheck-v0.11.0.zip"

[[tools.shfmt]]
version = "3.13.0"
backend = "aqua:mvdan/sh"

[tools.shfmt."platforms.linux-arm64"]
checksum = "sha256:2091a31afd47742051a77bf7cfd175533ab07e924c20ef3151cd108fa1cab5b0"
url = "https://github.com/mvdan/sh/releases/download/v3.13.0/shfmt_v3.13.0_linux_arm64"

[tools.shfmt."platforms.linux-arm64-musl"]
checksum = "sha256:2091a31afd47742051a77bf7cfd175533ab07e924c20ef3151cd108fa1cab5b0"
url = "https://github.com/mvdan/sh/releases/download/v3.13.0/shfmt_v3.13.0_linux_arm64"

[tools.shfmt."platforms.linux-x64"]
checksum = "sha256:70aa99784703a8d6569bbf0b1e43e1a91906a4166bf1a79de42050a6d0de7551"
url = "https://github.com/mvdan/sh/releases/download/v3.13.0/shfmt_v3.13.0_linux_amd64"

[tools.shfmt."platforms.linux-x64-musl"]
checksum = "sha256:70aa99784703a8d6569bbf0b1e43e1a91906a4166bf1a79de42050a6d0de7551"
url = "https://github.com/mvdan/sh/releases/download/v3.13.0/shfmt_v3.13.0_linux_amd64"

[tools.shfmt."platforms.macos-arm64"]
checksum = "sha256:650970603b5946dc6041836ddcfa7a19d99b5da885e4687f64575508e99cf718"
url = "https://github.com/mvdan/sh/releases/download/v3.13.0/shfmt_v3.13.0_darwin_arm64"

[tools.shfmt."platforms.macos-x64"]
checksum = "sha256:b6890a0009abf71d36d7c536ad56e3132c547ceb77cd5d5ee62b3469ab4e9417"
url = "https://github.com/mvdan/sh/releases/download/v3.13.0/shfmt_v3.13.0_darwin_amd64"

[tools.shfmt."platforms.windows-x64"]
checksum = "sha256:62241aaf6b0ca236f8625d8892784b73fa67ad40bc677a1ad1a64ae395f6a7d5"
url = "https://github.com/mvdan/sh/releases/download/v3.13.0/shfmt_v3.13.0_windows_amd64.exe"

[[tools.tombi]]
version = "0.9.14"
backend = "aqua:tombi-toml/tombi"

[tools.tombi."platforms.linux-arm64"]
checksum = "sha256:983aab4bba3dd9a8aafd4f6e7922f0d687564101199f66d48cd6b670c2c996d6"
url = "https://github.com/tombi-toml/tombi/releases/download/v0.9.14/tombi-cli-0.9.14-aarch64-unknown-linux-musl.gz"

[tools.tombi."platforms.linux-arm64-musl"]
checksum = "sha256:983aab4bba3dd9a8aafd4f6e7922f0d687564101199f66d48cd6b670c2c996d6"
url = "https://github.com/tombi-toml/tombi/releases/download/v0.9.14/tombi-cli-0.9.14-aarch64-unknown-linux-musl.gz"

[tools.tombi."platforms.linux-x64"]
checksum = "sha256:0c6a3141cfa53948bb02148ec48b9cd2afad636b782b6f4770104d306caa8d95"
url = "https://github.com/tombi-toml/tombi/releases/download/v0.9.14/tombi-cli-0.9.14-x86_64-unknown-linux-musl.gz"

[tools.tombi."platforms.linux-x64-musl"]
checksum = "sha256:0c6a3141cfa53948bb02148ec48b9cd2afad636b782b6f4770104d306caa8d95"
url = "https://github.com/tombi-toml/tombi/releases/download/v0.9.14/tombi-cli-0.9.14-x86_64-unknown-linux-musl.gz"

[tools.tombi."platforms.macos-arm64"]
checksum = "sha256:9fc05caf7bf58a37d9a925e2fc1e17d7bf0591120790665bb2142c0076ca3f15"
url = "https://github.com/tombi-toml/tombi/releases/download/v0.9.14/tombi-cli-0.9.14-aarch64-apple-darwin.gz"

[tools.tombi."platforms.macos-x64"]
checksum = "sha256:e7d2adeef03a9b65d280e31ddca75510fe11dcc1864ee443b75a1872b9a47937"
url = "https://github.com/tombi-toml/tombi/releases/download/v0.9.14/tombi-cli-0.9.14-x86_64-apple-darwin.gz"

[tools.tombi."platforms.windows-x64"]
checksum = "sha256:449c28b597c902862d799ad99d67d9de05eb2bb142e6f81e29c25ab95567c3a3"
url = "https://github.com/tombi-toml/tombi/releases/download/v0.9.14/tombi-cli-0.9.14-x86_64-pc-windows-msvc.zip"

[[tools.uv]]
version = "0.11.3"
backend = "aqua:astral-sh/uv"

[tools.uv."platforms.linux-arm64"]
checksum = "sha256:8ecec82cb9a744d5fabff6d16d7777218a7730f699d2aa0d2f751c17858e2efa"
url = "https://github.com/astral-sh/uv/releases/download/0.11.3/uv-aarch64-unknown-linux-musl.tar.gz"

[tools.uv."platforms.linux-arm64-musl"]
checksum = "sha256:8ecec82cb9a744d5fabff6d16d7777218a7730f699d2aa0d2f751c17858e2efa"
url = "https://github.com/astral-sh/uv/releases/download/0.11.3/uv-aarch64-unknown-linux-musl.tar.gz"

[tools.uv."platforms.linux-x64"]
checksum = "sha256:8b40cf16b849634b81a530a3d0a0bcae5f24996ef9ae782976fd69b6266d3b8e"
url = "https://github.com/astral-sh/uv/releases/download/0.11.3/uv-x86_64-unknown-linux-musl.tar.gz"

[tools.uv."platforms.linux-x64-musl"]
checksum = "sha256:8b40cf16b849634b81a530a3d0a0bcae5f24996ef9ae782976fd69b6266d3b8e"
url = "https://github.com/astral-sh/uv/releases/download/0.11.3/uv-x86_64-unknown-linux-musl.tar.gz"

[tools.uv."platforms.macos-arm64"]
checksum = "sha256:2bc3d0c7bf2bd08325b1e170abac6f7e5b3346e1d4eab3370d17cefec934996f"
url = "https://github.com/astral-sh/uv/releases/download/0.11.3/uv-aarch64-apple-darwin.tar.gz"
provenance = "github-attestations"

[tools.uv."platforms.macos-x64"]
checksum = "sha256:b0e05e0b43a000fdc2132ee3f3400ba5dee427bc2337d3ec4eb8cf4f3d5722af"
url = "https://github.com/astral-sh/uv/releases/download/0.11.3/uv-x86_64-apple-darwin.tar.gz"

[tools.uv."platforms.windows-x64"]
checksum = "sha256:ae681c0aaec7cc96af184648cb88d73f8393ed60fa5880abdd6bdb910f9b227c"
url = "https://github.com/astral-sh/uv/releases/download/0.11.3/uv-x86_64-pc-windows-msvc.zip"

[[tools.yamlfmt]]
version = "0.21.0"
backend = "aqua:google/yamlfmt"

[tools.yamlfmt."platforms.linux-arm64"]
checksum = "sha256:5b2689c963b177271330c5ce8ca7396751107e5a826be46f03d2cb9b6f0c7784"
url = "https://github.com/google/yamlfmt/releases/download/v0.21.0/yamlfmt_0.21.0_Linux_arm64.tar.gz"

[tools.yamlfmt."platforms.linux-arm64-musl"]
checksum = "sha256:5b2689c963b177271330c5ce8ca7396751107e5a826be46f03d2cb9b6f0c7784"
url = "https://github.com/google/yamlfmt/releases/download/v0.21.0/yamlfmt_0.21.0_Linux_arm64.tar.gz"

[tools.yamlfmt."platforms.linux-x64"]
checksum = "sha256:1f300d9257b232bb3b541d7fb1b0e6b3c121bcbab381c86cd38cb8722be8a566"
url = "https://github.com/google/yamlfmt/releases/download/v0.21.0/yamlfmt_0.21.0_Linux_x86_64.tar.gz"

[tools.yamlfmt."platforms.linux-x64-musl"]
checksum = "sha256:1f300d9257b232bb3b541d7fb1b0e6b3c121bcbab381c86cd38cb8722be8a566"
url = "https://github.com/google/yamlfmt/releases/download/v0.21.0/yamlfmt_0.21.0_Linux_x86_64.tar.gz"

[tools.yamlfmt."platforms.macos-arm64"]
checksum = "sha256:4b417ecb94339d57e4c122ecc948c1a00fe328b5853266de9806e652a92858fa"
url = "https://github.com/google/yamlfmt/releases/download/v0.21.0/yamlfmt_0.21.0_Darwin_arm64.tar.gz"

[tools.yamlfmt."platforms.macos-x64"]
checksum = "sha256:060e943bcb8583c456810eb1ff4721b4f46c4a0c1a4432449d5dc3bbfe29a22b"
url = "https://github.com/google/yamlfmt/releases/download/v0.21.0/yamlfmt_0.21.0_Darwin_x86_64.tar.gz"

[tools.yamlfmt."platforms.windows-x64"]
checksum = "sha256:07f80ce5d741eb4b0a9380ac78a19c7cb5bd44e2a9a47a5a04839e3ba54dd463"
url = "https://github.com/google/yamlfmt/releases/download/v0.21.0/yamlfmt_0.21.0_Windows_x86_64.tar.gz"
