version = 1
revision = 3
requires-python = ">=3.14"

[[package]]
name = "anyio"
version = "4.12.1"
source = { registry = "https://pypi.org/simple" }
dependencies = [
    { name = "idna" },
]
sdist = { url = "https://files.pythonhosted.org/packages/96/f0/5eb65b2bb0d09ac6776f2eb54adee6abe8228ea05b20a5ad0e4945de8aac/anyio-4.12.1.tar.gz", hash = "sha256:41cfcc3a4c85d3f05c932da7c26d0201ac36f72abd4435ba90d0464a3ffed703", size = 228685, upload-time = "2026-01-06T11:45:21.246Z" }
wheels = [
    { url = "https://files.pythonhosted.org/packages/38/0e/27be9fdef66e72d64c0cdc3cc2823101b80585f8119b5c112c2e8f5f7dab/anyio-4.12.1-py3-none-any.whl", hash = "sha256:d405828884fc140aa80a3c667b8beed277f1dfedec42ba031bd6ac3db606ab6c", size = 113592, upload-time = "2026-01-06T11:45:19.497Z" },
]

[[package]]
name = "beautifulsoup4"
version = "4.14.3"
source = { registry = "https://pypi.org/simple" }
dependencies = [
    { name = "soupsieve" },
    { name = "typing-extensions" },
]
sdist = { url = "https://files.pythonhosted.org/packages/c3/b0/1c6a16426d389813b48d95e26898aff79abbde42ad353958ad95cc8c9b21/beautifulsoup4-4.14.3.tar.gz", hash = "sha256:6292b1c5186d356bba669ef9f7f051757099565ad9ada5dd630bd9de5fa7fb86", size = 627737, upload-time = "2025-11-30T15:08:26.084Z" }
wheels = [
    { url = "https://files.pythonhosted.org/packages/1a/39/47f9197bdd44df24d67ac8893641e16f386c984a0619ef2ee4c51fbbc019/beautifulsoup4-4.14.3-py3-none-any.whl", hash = "sha256:0918bfe44902e6ad8d57732ba310582e98da931428d231a5ecb9e7c703a735bb", size = 107721, upload-time = "2025-11-30T15:08:24.087Z" },
]

[[package]]
name = "certifi"
version = "2026.1.4"
source = { registry = "https://pypi.org/simple" }
sdist = { url = "https://files.pythonhosted.org/packages/e0/2d/a891ca51311197f6ad14a7ef42e2399f36cf2f9bd44752b3dc4eab60fdc5/certifi-2026.1.4.tar.gz", hash = "sha256:ac726dd470482006e014ad384921ed6438c457018f4b3d204aea4281258b2120", size = 154268, upload-time = "2026-01-04T02:42:41.825Z" }
wheels = [
    { url = "https://files.pythonhosted.org/packages/e6/ad/3cc14f097111b4de0040c83a525973216457bbeeb63739ef1ed275c1c021/certifi-2026.1.4-py3-none-any.whl", hash = "sha256:9943707519e4add1115f44c2bc244f782c0249876bf51b6599fee1ffbedd685c", size = 152900, upload-time = "2026-01-04T02:42:40.15Z" },
]

[[package]]
name = "colorama"
version = "0.4.6"
source = { registry = "https://pypi.org/simple" }
sdist = { url = "https://files.pythonhosted.org/packages/d8/53/6f443c9a4a8358a93a6792e2acffb9d9d5cb0a5cfd8802644b7b1c9a02e4/colorama-0.4.6.tar.gz", hash = "sha256:08695f5cb7ed6e0531a20572697297273c47b8cae5a63ffc6d6ed5c201be6e44", size = 27697, upload-time = "2022-10-25T02:36:22.414Z" }
wheels = [
    { url = "https://files.pythonhosted.org/packages/d1/d6/3965ed04c63042e047cb6a3e6ed1a63a35087b6a609aa3a15ed8ac56c221/colorama-0.4.6-py2.py3-none-any.whl", hash = "sha256:4f1d9991f5acc0ca119f9d443620b77f9d6b33703e51011c16baf57afb285fc6", size = 25335, upload-time = "2022-10-25T02:36:20.889Z" },
]

[[package]]
name = "getart"
version = "2.0.0"
source = { editable = "." }
dependencies = [
    { name = "beautifulsoup4" },
    { name = "httpx" },
]

[package.dev-dependencies]
dev = [
    { name = "pytest" },
    { name = "ty" },
]

[package.metadata]
requires-dist = [
    { name = "beautifulsoup4" },
    { name = "httpx" },
]

[package.metadata.requires-dev]
dev = [
    { name = "pytest" },
    { name = "ty" },
]

[[package]]
name = "h11"
version = "0.16.0"
source = { registry = "https://pypi.org/simple" }
sdist = { url = "https://files.pythonhosted.org/packages/01/ee/02a2c011bdab74c6fb3c75474d40b3052059d95df7e73351460c8588d963/h11-0.16.0.tar.gz", hash = "sha256:4e35b956cf45792e4caa5885e69fba00bdbc6ffafbfa020300e549b208ee5ff1", size = 101250, upload-time = "2025-04-24T03:35:25.427Z" }
wheels = [
    { url = "https://files.pythonhosted.org/packages/04/4b/29cac41a4d98d144bf5f6d33995617b185d14b22401f75ca86f384e87ff1/h11-0.16.0-py3-none-any.whl", hash = "sha256:63cf8bbe7522de3bf65932fda1d9c2772064ffb3dae62d55932da54b31cb6c86", size = 37515, upload-time = "2025-04-24T03:35:24.344Z" },
]

[[package]]
name = "httpcore"
version = "1.0.9"
source = { registry = "https://pypi.org/simple" }
dependencies = [
    { name = "certifi" },
    { name = "h11" },
]
sdist = { url = "https://files.pythonhosted.org/packages/06/94/82699a10bca87a5556c9c59b5963f2d039dbd239f25bc2a63907a05a14cb/httpcore-1.0.9.tar.gz", hash = "sha256:6e34463af53fd2ab5d807f399a9b45ea31c3dfa2276f15a2c3f00afff6e176e8", size = 85484, upload-time = "2025-04-24T22:06:22.219Z" }
wheels = [
    { url = "https://files.pythonhosted.org/packages/7e/f5/f66802a942d491edb555dd61e3a9961140fd64c90bce1eafd741609d334d/httpcore-1.0.9-py3-none-any.whl", hash = "sha256:2d400746a40668fc9dec9810239072b40b4484b640a8c38fd654a024c7a1bf55", size = 78784, upload-time = "2025-04-24T22:06:20.566Z" },
]

[[package]]
name = "httpx"
version = "0.28.1"
source = { registry = "https://pypi.org/simple" }
dependencies = [
    { name = "anyio" },
    { name = "certifi" },
    { name = "httpcore" },
    { name = "idna" },
]
sdist = { url = "https://files.pythonhosted.org/packages/b1/df/48c586a5fe32a0f01324ee087459e112ebb7224f646c0b5023f5e79e9956/httpx-0.28.1.tar.gz", hash = "sha256:75e98c5f16b0f35b567856f597f06ff2270a374470a5c2392242528e3e3e42fc", size = 141406, upload-time = "2024-12-06T15:37:23.222Z" }
wheels = [
    { url = "https://files.pythonhosted.org/packages/2a/39/e50c7c3a983047577ee07d2a9e53faf5a69493943ec3f6a384bdc792deb2/httpx-0.28.1-py3-none-any.whl", hash = "sha256:d909fcccc110f8c7faf814ca82a9a4d816bc5a6dbfea25d6591d6985b8ba59ad", size = 73517, upload-time = "2024-12-06T15:37:21.509Z" },
]

[[package]]
name = "idna"
version = "3.11"
source = { registry = "https://pypi.org/simple" }
sdist = { url = "https://files.pythonhosted.org/packages/6f/6d/0703ccc57f3a7233505399edb88de3cbd678da106337b9fcde432b65ed60/idna-3.11.tar.gz", hash = "sha256:795dafcc9c04ed0c1fb032c2aa73654d8e8c5023a7df64a53f39190ada629902", size = 194582, upload-time = "2025-10-12T14:55:20.501Z" }
wheels = [
    { url = "https://files.pythonhosted.org/packages/0e/61/66938bbb5fc52dbdf84594873d5b51fb1f7c7794e9c0f5bd885f30bc507b/idna-3.11-py3-none-any.whl", hash = "sha256:771a87f49d9defaf64091e6e6fe9c18d4833f140bd19464795bc32d966ca37ea", size = 71008, upload-time = "2025-10-12T14:55:18.883Z" },
]

[[package]]
name = "iniconfig"
version = "2.3.0"
source = { registry = "https://pypi.org/simple" }
sdist = { url = "https://files.pythonhosted.org/packages/72/34/14ca021ce8e5dfedc35312d08ba8bf51fdd999c576889fc2c24cb97f4f10/iniconfig-2.3.0.tar.gz", hash = "sha256:c76315c77db068650d49c5b56314774a7804df16fee4402c1f19d6d15d8c4730", size = 20503, upload-time = "2025-10-18T21:55:43.219Z" }
wheels = [
    { url = "https://files.pythonhosted.org/packages/cb/b1/3846dd7f199d53cb17f49cba7e651e9ce294d8497c8c150530ed11865bb8/iniconfig-2.3.0-py3-none-any.whl", hash = "sha256:f631c04d2c48c52b84d0d0549c99ff3859c98df65b3101406327ecc7d53fbf12", size = 7484, upload-time = "2025-10-18T21:55:41.639Z" },
]

[[package]]
name = "packaging"
version = "25.0"
source = { registry = "https://pypi.org/simple" }
sdist = { url = "https://files.pythonhosted.org/packages/a1/d4/1fc4078c65507b51b96ca8f8c3ba19e6a61c8253c72794544580a7b6c24d/packaging-25.0.tar.gz", hash = "sha256:d443872c98d677bf60f6a1f2f8c1cb748e8fe762d2bf9d3148b5599295b0fc4f", size = 165727, upload-time = "2025-04-19T11:48:59.673Z" }
wheels = [
    { url = "https://files.pythonhosted.org/packages/20/12/38679034af332785aac8774540895e234f4d07f7545804097de4b666afd8/packaging-25.0-py3-none-any.whl", hash = "sha256:29572ef2b1f17581046b3a2227d5c611fb25ec70ca1ba8554b24b0e69331a484", size = 66469, upload-time = "2025-04-19T11:48:57.875Z" },
]

[[package]]
name = "pluggy"
version = "1.6.0"
source = { registry = "https://pypi.org/simple" }
sdist = { url = "https://files.pythonhosted.org/packages/f9/e2/3e91f31a7d2b083fe6ef3fa267035b518369d9511ffab804f839851d2779/pluggy-1.6.0.tar.gz", hash = "sha256:7dcc130b76258d33b90f61b658791dede3486c3e6bfb003ee5c9bfb396dd22f3", size = 69412, upload-time = "2025-05-15T12:30:07.975Z" }
wheels = [
    { url = "https://files.pythonhosted.org/packages/54/20/4d324d65cc6d9205fabedc306948156824eb9f0ee1633355a8f7ec5c66bf/pluggy-1.6.0-py3-none-any.whl", hash = "sha256:e920276dd6813095e9377c0bc5566d94c932c33b27a3e3945d8389c374dd4746", size = 20538, upload-time = "2025-05-15T12:30:06.134Z" },
]

[[package]]
name = "pygments"
version = "2.19.2"
source = { registry = "https://pypi.org/simple" }
sdist = { url = "https://files.pythonhosted.org/packages/b0/77/a5b8c569bf593b0140bde72ea885a803b82086995367bf2037de0159d924/pygments-2.19.2.tar.gz", hash = "sha256:636cb2477cec7f8952536970bc533bc43743542f70392ae026374600add5b887", size = 4968631, upload-time = "2025-06-21T13:39:12.283Z" }
wheels = [
    { url = "https://files.pythonhosted.org/packages/c7/21/705964c7812476f378728bdf590ca4b771ec72385c533964653c68e86bdc/pygments-2.19.2-py3-none-any.whl", hash = "sha256:86540386c03d588bb81d44bc3928634ff26449851e99741617ecb9037ee5ec0b", size = 1225217, upload-time = "2025-06-21T13:39:07.939Z" },
]

[[package]]
name = "pytest"
version = "9.0.2"
source = { registry = "https://pypi.org/simple" }
dependencies = [
    { name = "colorama", marker = "sys_platform == 'win32'" },
    { name = "iniconfig" },
    { name = "packaging" },
    { name = "pluggy" },
    { name = "pygments" },
]
sdist = { url = "https://files.pythonhosted.org/packages/d1/db/7ef3487e0fb0049ddb5ce41d3a49c235bf9ad299b6a25d5780a89f19230f/pytest-9.0.2.tar.gz", hash = "sha256:75186651a92bd89611d1d9fc20f0b4345fd827c41ccd5c299a868a05d70edf11", size = 1568901, upload-time = "2025-12-06T21:30:51.014Z" }
wheels = [
    { url = "https://files.pythonhosted.org/packages/3b/ab/b3226f0bd7cdcf710fbede2b3548584366da3b19b5021e74f5bde2a8fa3f/pytest-9.0.2-py3-none-any.whl", hash = "sha256:711ffd45bf766d5264d487b917733b453d917afd2b0ad65223959f59089f875b", size = 374801, upload-time = "2025-12-06T21:30:49.154Z" },
]

[[package]]
name = "soupsieve"
version = "2.8.1"
source = { registry = "https://pypi.org/simple" }
sdist = { url = "https://files.pythonhosted.org/packages/89/23/adf3796d740536d63a6fbda113d07e60c734b6ed5d3058d1e47fc0495e47/soupsieve-2.8.1.tar.gz", hash = "sha256:4cf733bc50fa805f5df4b8ef4740fc0e0fa6218cf3006269afd3f9d6d80fd350", size = 117856, upload-time = "2025-12-18T13:50:34.655Z" }
wheels = [
    { url = "https://files.pythonhosted.org/packages/48/f3/b67d6ea49ca9154453b6d70b34ea22f3996b9fa55da105a79d8732227adc/soupsieve-2.8.1-py3-none-any.whl", hash = "sha256:a11fe2a6f3d76ab3cf2de04eb339c1be5b506a8a47f2ceb6d139803177f85434", size = 36710, upload-time = "2025-12-18T13:50:33.267Z" },
]

[[package]]
name = "ty"
version = "0.0.10"
source = { registry = "https://pypi.org/simple" }
sdist = { url = "https://files.pythonhosted.org/packages/b7/85/97b5276baa217e05db2fe3d5c61e4dfd35d1d3d0ec95bfca1986820114e0/ty-0.0.10.tar.gz", hash = "sha256:0a1f9f7577e56cd508a8f93d0be2a502fdf33de6a7d65a328a4c80b784f4ac5f", size = 4892892, upload-time = "2026-01-07T23:00:23.572Z" }
wheels = [
    { url = "https://files.pythonhosted.org/packages/0c/7a/5a7147ce5231c3ccc55d6f945dabd7412e233e755d28093bfdec988ba595/ty-0.0.10-py3-none-linux_armv6l.whl", hash = "sha256:406a8ea4e648551f885629b75dc3f070427de6ed099af45e52051d4c68224829", size = 9835881, upload-time = "2026-01-07T22:08:17.492Z" },
    { url = "https://files.pythonhosted.org/packages/3e/7d/89f4d2277c938332d047237b47b11b82a330dbff4fff0de8574cba992128/ty-0.0.10-py3-none-macosx_10_12_x86_64.whl", hash = "sha256:d6e0a733e3d6d3bce56d6766bc61923e8b130241088dc2c05e3c549487190096", size = 9696404, upload-time = "2026-01-07T22:08:37.965Z" },
    { url = "https://files.pythonhosted.org/packages/e8/cd/9dd49e6d40e54d4b7d563f9e2a432c4ec002c0673a81266e269c4bc194ce/ty-0.0.10-py3-none-macosx_11_0_arm64.whl", hash = "sha256:e4832f8879cb95fc725f7e7fcab4f22be0cf2550f3a50641d5f4409ee04176d4", size = 9181195, upload-time = "2026-01-07T22:59:07.187Z" },
    { url = "https://files.pythonhosted.org/packages/d2/b8/3e7c556654ba0569ed5207138d318faf8633d87e194760fc030543817c26/ty-0.0.10-py3-none-manylinux_2_24_aarch64.whl", hash = "sha256:6b58cc78e5865bc908f053559a80bb77cab0dc168aaad2e88f2b47955694b138", size = 9665002, upload-time = "2026-01-07T22:08:30.782Z" },
    { url = "https://files.pythonhosted.org/packages/98/96/410a483321406c932c4e3aa1581d1072b72cdcde3ae83cd0664a65c7b254/ty-0.0.10-py3-none-manylinux_2_24_armv7l.whl", hash = "sha256:83c6a514bb86f05005fa93e3b173ae3fde94d291d994bed6fe1f1d2e5c7331cf", size = 9664948, upload-time = "2026-01-07T23:04:14.655Z" },
    { url = "https://files.pythonhosted.org/packages/1f/5d/cba2ab3e2f660763a72ad12620d0739db012e047eaa0ceaa252bf5e94ebb/ty-0.0.10-py3-none-manylinux_2_24_i686.whl", hash = "sha256:2e43f71e357f8a4f7fc75e4753b37beb2d0f297498055b1673a9306aa3e21897", size = 10125401, upload-time = "2026-01-07T22:08:28.171Z" },
    { url = "https://files.pythonhosted.org/packages/a7/67/29536e0d97f204a2933122239298e754db4564f4ed7f34e2153012b954be/ty-0.0.10-py3-none-manylinux_2_24_ppc64le.whl", hash = "sha256:18be3c679965c23944c8e574be0635504398c64c55f3f0c46259464e10c0a1c7", size = 10714052, upload-time = "2026-01-07T22:08:20.098Z" },
    { url = "https://files.pythonhosted.org/packages/63/c8/82ac83b79a71c940c5dcacb644f526f0c8fdf4b5e9664065ab7ee7c0e4ec/ty-0.0.10-py3-none-manylinux_2_24_s390x.whl", hash = "sha256:5477981681440a35acdf9b95c3097410c547abaa32b893f61553dbc3b0096fff", size = 10395924, upload-time = "2026-01-07T22:08:22.839Z" },
    { url = "https://files.pythonhosted.org/packages/9e/4c/2f9ac5edbd0e67bf82f5cd04275c4e87cbbf69a78f43e5dcf90c1573d44e/ty-0.0.10-py3-none-manylinux_2_24_x86_64.whl", hash = "sha256:e206a23bd887574302138b33383ae1edfcc39d33a06a12a5a00803b3f0287a45", size = 10220096, upload-time = "2026-01-07T22:08:13.171Z" },
    { url = "https://files.pythonhosted.org/packages/04/13/3be2b7bfd53b9952b39b6f2c2ef55edeb1a2fea3bf0285962736ee26731c/ty-0.0.10-py3-none-musllinux_1_2_aarch64.whl", hash = "sha256:4e09ddb0d3396bd59f645b85eab20f9a72989aa8b736b34338dcb5ffecfe77b6", size = 9649120, upload-time = "2026-01-07T22:08:34.003Z" },
    { url = "https://files.pythonhosted.org/packages/93/e3/edd58547d9fd01e4e584cec9dced4f6f283506b422cdd953e946f6a8e9f0/ty-0.0.10-py3-none-musllinux_1_2_armv7l.whl", hash = "sha256:139d2a741579ad86a044233b5d7e189bb81f427eebce3464202f49c3ec0eba3b", size = 9686033, upload-time = "2026-01-07T22:08:40.967Z" },
    { url = "https://files.pythonhosted.org/packages/cc/bc/9d2f5fec925977446d577fb9b322d0e7b1b1758709f23a6cfc10231e9b84/ty-0.0.10-py3-none-musllinux_1_2_i686.whl", hash = "sha256:6bae10420c0abfe4601fbbc6ce637b67d0b87a44fa520283131a26da98f2e74c", size = 9841905, upload-time = "2026-01-07T23:04:21.694Z" },
    { url = "https://files.pythonhosted.org/packages/7c/b8/5acd3492b6a4ef255ace24fcff0d4b1471a05b7f3758d8910a681543f899/ty-0.0.10-py3-none-musllinux_1_2_x86_64.whl", hash = "sha256:7358bbc5d037b9c59c3a48895206058bcd583985316c4125a74dd87fd1767adb", size = 10320058, upload-time = "2026-01-07T22:08:25.645Z" },
    { url = "https://files.pythonhosted.org/packages/35/67/5b6906fccef654c7e801d6ac8dcbe0d493e1f04c38127f82a5e6d7e0aa0e/ty-0.0.10-py3-none-win32.whl", hash = "sha256:f51b6fd485bc695d0fdf555e69e6a87d1c50f14daef6cb980c9c941e12d6bcba", size = 9271806, upload-time = "2026-01-07T22:08:10.08Z" },
    { url = "https://files.pythonhosted.org/packages/42/36/82e66b9753a76964d26fd9bc3514ea0abce0a5ba5ad7d5f084070c6981da/ty-0.0.10-py3-none-win_amd64.whl", hash = "sha256:16deb77a72cf93b89b4d29577829613eda535fbe030513dfd9fba70fe38bc9f5", size = 10130520, upload-time = "2026-01-07T23:04:11.759Z" },
    { url = "https://files.pythonhosted.org/packages/63/52/89da123f370e80b587d2db8551ff31562c882d87b32b0e92b59504b709ae/ty-0.0.10-py3-none-win_arm64.whl", hash = "sha256:7495288bca7afba9a4488c9906466d648ffd3ccb6902bc3578a6dbd91a8f05f0", size = 9626026, upload-time = "2026-01-07T23:04:17.91Z" },
]

[[package]]
name = "typing-extensions"
version = "4.15.0"
source = { registry = "https://pypi.org/simple" }
sdist = { url = "https://files.pythonhosted.org/packages/72/94/1a15dd82efb362ac84269196e94cf00f187f7ed21c242792a923cdb1c61f/typing_extensions-4.15.0.tar.gz", hash = "sha256:0cea48d173cc12fa28ecabc3b837ea3cf6f38c6d1136f85cbaaf598984861466", size = 109391, upload-time = "2025-08-25T13:49:26.313Z" }
wheels = [
    { url = "https://files.pythonhosted.org/packages/18/67/36e9267722cc04a6b9f15c7f3441c2363321a3ea07da7ae0c0707beb2a9c/typing_extensions-4.15.0-py3-none-any.whl", hash = "sha256:f0fa19c6845758ab08074a0cfa8b7aecb71c999ca73d62883bc25cc018c4e548", size = 44614, upload-time = "2025-08-25T13:49:24.86Z" },
]
